
Microsoft Visual Studio Solution File, Format Version 12.00
# Visual Studio Version 17
VisualStudioVersion = 17.5.33424.131
MinimumVisualStudioVersion = 10.0.40219.1
Project("{FAE04EC0-301F-11D3-BF4B-00C04F79EFBC}") = "ArchiObjet2", "ArchiObjet2.csproj", "{6C5F9FF1-8755-44A7-A1C2-DA47E8E70260}"
EndProject
Global
	GlobalSection(SolutionConfigurationPlatforms) = preSolution
		Debug|Any CPU = Debug|Any CPU
		Release|Any CPU = Release|Any CPU
	EndGlobalSection
	GlobalSection(ProjectConfigurationPlatforms) = postSolution
		{6C5F9FF1-8755-44A7-A1C2-DA47E8E70260}.Debug|Any CPU.ActiveCfg = Debug|Any CPU
		{6C5F9FF1-8755-44A7-A1C2-DA47E8E70260}.Debug|Any CPU.Build.0 = Debug|Any CPU
		{6C5F9FF1-8755-44A7-A1C2-DA47E8E70260}.Release|Any CPU.ActiveCfg = Release|Any CPU
		{6C5F9FF1-8755-44A7-A1C2-DA47E8E70260}.Release|Any CPU.Build.0 = Release|Any CPU
	EndGlobalSection
	GlobalSection(SolutionProperties) = preSolution
		HideSolutionNode = FALSE
	EndGlobalSection
	GlobalSection(ExtensibilityGlobals) = postSolution
		SolutionGuid = {2A64D25C-42CE-40C9-8F81-7127CB46E8F4}
	EndGlobalSection
EndGlobal
